// !$*UTF8*$!
{
	archiveVersion = 1;
	classes = {
	};
	objectVersion = 56;
	objects = {

/* Begin PBXBuildFile section */
		BB0214A52BED130D00A6263E /* DetailView.swift in Sources */ = {isa = PBXBuildFile; fileRef = BB0214A42BED130D00A6263E /* DetailView.swift */; };
		BB1F3BBA2BED250B00D84EA3 /* Endpoints.swift in Sources */ = {isa = PBXBuildFile; fileRef = BB1F3BB92BED250B00D84EA3 /* Endpoints.swift */; };
		BB1F3BC02BED429F00D84EA3 /* NetworkService.swift in Sources */ = {isa = PBXBuildFile; fileRef = BB1F3BBF2BED429F00D84EA3 /* NetworkService.swift */; };
		BB1F3BC22BED42BB00D84EA3 /* Endpoint.swift in Sources */ = {isa = PBXBuildFile; fileRef = BB1F3BC12BED42BB00D84EA3 /* Endpoint.swift */; };
		BB1F3BC42BED42D000D84EA3 /* HTTPClient.swift in Sources */ = {isa = PBXBuildFile; fileRef = BB1F3BC32BED42D000D84EA3 /* HTTPClient.swift */; };
		BB1F3BC72BED42E700D84EA3 /* HTTPMethod.swift in Sources */ = {isa = PBXBuildFile; fileRef = BB1F3BC62BED42E700D84EA3 /* HTTPMethod.swift */; };
		BB1F3BC92BED42F500D84EA3 /* RequestError.swift in Sources */ = {isa = PBXBuildFile; fileRef = BB1F3BC82BED42F500D84EA3 /* RequestError.swift */; };
		BB1F3BCC2BED4A2100D84EA3 /* FilterResponse.swift in Sources */ = {isa = PBXBuildFile; fileRef = BB1F3BCB2BED4A2100D84EA3 /* FilterResponse.swift */; };
		BB1F3BCE2BED4A3900D84EA3 /* RestaurantsResponse.swift in Sources */ = {isa = PBXBuildFile; fileRef = BB1F3BCD2BED4A3900D84EA3 /* RestaurantsResponse.swift */; };
		BB1F3BD02BED4A4700D84EA3 /* OpenStatusResponse.swift in Sources */ = {isa = PBXBuildFile; fileRef = BB1F3BCF2BED4A4700D84EA3 /* OpenStatusResponse.swift */; };
		BB78375B2BEAC37400B8FE3E /* CodeTestApp.swift in Sources */ = {isa = PBXBuildFile; fileRef = BB78375A2BEAC37400B8FE3E /* CodeTestApp.swift */; };
		BB78375D2BEAC37400B8FE3E /* MainView.swift in Sources */ = {isa = PBXBuildFile; fileRef = BB78375C2BEAC37400B8FE3E /* MainView.swift */; };
		BB78375F2BEAC37500B8FE3E /* Assets.xcassets in Resources */ = {isa = PBXBuildFile; fileRef = BB78375E2BEAC37500B8FE3E /* Assets.xcassets */; };
		BB7837632BEAC37500B8FE3E /* Preview Assets.xcassets in Resources */ = {isa = PBXBuildFile; fileRef = BB7837622BEAC37500B8FE3E /* Preview Assets.xcassets */; };
		BB78376B2BEAC67A00B8FE3E /* CustomFont.swift in Sources */ = {isa = PBXBuildFile; fileRef = BB78376A2BEAC67A00B8FE3E /* CustomFont.swift */; };
		BB78376F2BEAC9B400B8FE3E /* Poppins-Medium.ttf in Resources */ = {isa = PBXBuildFile; fileRef = BB78376D2BEAC9B400B8FE3E /* Poppins-Medium.ttf */; };
		BB7837702BEAC9B400B8FE3E /* Inter-Medium.ttf in Resources */ = {isa = PBXBuildFile; fileRef = BB78376E2BEAC9B400B8FE3E /* Inter-Medium.ttf */; };
		BB7837742BEAD39900B8FE3E /* Colors.xcassets in Resources */ = {isa = PBXBuildFile; fileRef = BB7837732BEAD39900B8FE3E /* Colors.xcassets */; };
		BBA49D752BEAE0F9004B3F09 /* View+Extensions.swift in Sources */ = {isa = PBXBuildFile; fileRef = BBA49D742BEAE0F9004B3F09 /* View+Extensions.swift */; };
		BBA49D782BEAE1AB004B3F09 /* RestaurantCard.swift in Sources */ = {isa = PBXBuildFile; fileRef = BBA49D772BEAE1AB004B3F09 /* RestaurantCard.swift */; };
		BBC4494B2BECDB5C0084925C /* DetailCard.swift in Sources */ = {isa = PBXBuildFile; fileRef = BBC4494A2BECDB5C0084925C /* DetailCard.swift */; };
		BBC449542BECED160084925C /* FilterBadgeView.swift in Sources */ = {isa = PBXBuildFile; fileRef = BBC449532BECED160084925C /* FilterBadgeView.swift */; };
		BBC449562BECEE230084925C /* FilterBadge.swift in Sources */ = {isa = PBXBuildFile; fileRef = BBC449552BECEE230084925C /* FilterBadge.swift */; };
		BBC449582BECFAC30084925C /* Header.swift in Sources */ = {isa = PBXBuildFile; fileRef = BBC449572BECFAC30084925C /* Header.swift */; };
		BBFD8F552BED5D56004FC5E8 /* Restaurants.swift in Sources */ = {isa = PBXBuildFile; fileRef = BBFD8F542BED5D56004FC5E8 /* Restaurants.swift */; };
		BBFD8F572BED6715004FC5E8 /* MainViewModel.swift in Sources */ = {isa = PBXBuildFile; fileRef = BBFD8F562BED6715004FC5E8 /* MainViewModel.swift */; };
/* End PBXBuildFile section */

/* Begin PBXFileReference section */
		BB0214A42BED130D00A6263E /* DetailView.swift */ = {isa = PBXFileReference; lastKnownFileType = sourcecode.swift; path = DetailView.swift; sourceTree = "<group>"; };
		BB1F3BB92BED250B00D84EA3 /* Endpoints.swift */ = {isa = PBXFileReference; lastKnownFileType = sourcecode.swift; path = Endpoints.swift; sourceTree = "<group>"; };
		BB1F3BBF2BED429F00D84EA3 /* NetworkService.swift */ = {isa = PBXFileReference; lastKnownFileType = sourcecode.swift; path = NetworkService.swift; sourceTree = "<group>"; };
		BB1F3BC12BED42BB00D84EA3 /* Endpoint.swift */ = {isa = PBXFileReference; lastKnownFileType = sourcecode.swift; path = Endpoint.swift; sourceTree = "<group>"; };
		BB1F3BC32BED42D000D84EA3 /* HTTPClient.swift */ = {isa = PBXFileReference; lastKnownFileType = sourcecode.swift; path = HTTPClient.swift; sourceTree = "<group>"; };
		BB1F3BC62BED42E700D84EA3 /* HTTPMethod.swift */ = {isa = PBXFileReference; lastKnownFileType = sourcecode.swift; path = HTTPMethod.swift; sourceTree = "<group>"; };
		BB1F3BC82BED42F500D84EA3 /* RequestError.swift */ = {isa = PBXFileReference; lastKnownFileType = sourcecode.swift; path = RequestError.swift; sourceTree = "<group>"; };
		BB1F3BCB2BED4A2100D84EA3 /* FilterResponse.swift */ = {isa = PBXFileReference; lastKnownFileType = sourcecode.swift; path = FilterResponse.swift; sourceTree = "<group>"; };
		BB1F3BCD2BED4A3900D84EA3 /* RestaurantsResponse.swift */ = {isa = PBXFileReference; lastKnownFileType = sourcecode.swift; path = RestaurantsResponse.swift; sourceTree = "<group>"; };
		BB1F3BCF2BED4A4700D84EA3 /* OpenStatusResponse.swift */ = {isa = PBXFileReference; lastKnownFileType = sourcecode.swift; path = OpenStatusResponse.swift; sourceTree = "<group>"; };
		BB7837572BEAC37400B8FE3E /* CodeTest.app */ = {isa = PBXFileReference; explicitFileType = wrapper.application; includeInIndex = 0; path = CodeTest.app; sourceTree = BUILT_PRODUCTS_DIR; };
		BB78375A2BEAC37400B8FE3E /* CodeTestApp.swift */ = {isa = PBXFileReference; lastKnownFileType = sourcecode.swift; path = CodeTestApp.swift; sourceTree = "<group>"; };
		BB78375C2BEAC37400B8FE3E /* MainView.swift */ = {isa = PBXFileReference; lastKnownFileType = sourcecode.swift; path = MainView.swift; sourceTree = "<group>"; };
		BB78375E2BEAC37500B8FE3E /* Assets.xcassets */ = {isa = PBXFileReference; lastKnownFileType = folder.assetcatalog; path = Assets.xcassets; sourceTree = "<group>"; };
		BB7837602BEAC37500B8FE3E /* CodeTest.entitlements */ = {isa = PBXFileReference; lastKnownFileType = text.plist.entitlements; path = CodeTest.entitlements; sourceTree = "<group>"; };
		BB7837622BEAC37500B8FE3E /* Preview Assets.xcassets */ = {isa = PBXFileReference; lastKnownFileType = folder.assetcatalog; path = "Preview Assets.xcassets"; sourceTree = "<group>"; };
		BB78376A2BEAC67A00B8FE3E /* CustomFont.swift */ = {isa = PBXFileReference; lastKnownFileType = sourcecode.swift; path = CustomFont.swift; sourceTree = "<group>"; };
		BB78376D2BEAC9B400B8FE3E /* Poppins-Medium.ttf */ = {isa = PBXFileReference; lastKnownFileType = file; path = "Poppins-Medium.ttf"; sourceTree = "<group>"; };
		BB78376E2BEAC9B400B8FE3E /* Inter-Medium.ttf */ = {isa = PBXFileReference; lastKnownFileType = file; path = "Inter-Medium.ttf"; sourceTree = "<group>"; };
		BB7837712BEAD06200B8FE3E /* Info.plist */ = {isa = PBXFileReference; lastKnownFileType = text.plist; path = Info.plist; sourceTree = "<group>"; };
		BB7837732BEAD39900B8FE3E /* Colors.xcassets */ = {isa = PBXFileReference; lastKnownFileType = folder.assetcatalog; path = Colors.xcassets; sourceTree = "<group>"; };
		BBA49D742BEAE0F9004B3F09 /* View+Extensions.swift */ = {isa = PBXFileReference; lastKnownFileType = sourcecode.swift; path = "View+Extensions.swift"; sourceTree = "<group>"; };
		BBA49D772BEAE1AB004B3F09 /* RestaurantCard.swift */ = {isa = PBXFileReference; lastKnownFileType = sourcecode.swift; path = RestaurantCard.swift; sourceTree = "<group>"; };
		BBC4494A2BECDB5C0084925C /* DetailCard.swift */ = {isa = PBXFileReference; lastKnownFileType = sourcecode.swift; path = DetailCard.swift; sourceTree = "<group>"; };
		BBC449532BECED160084925C /* FilterBadgeView.swift */ = {isa = PBXFileReference; lastKnownFileType = sourcecode.swift; path = FilterBadgeView.swift; sourceTree = "<group>"; };
		BBC449552BECEE230084925C /* FilterBadge.swift */ = {isa = PBXFileReference; lastKnownFileType = sourcecode.swift; path = FilterBadge.swift; sourceTree = "<group>"; };
		BBC449572BECFAC30084925C /* Header.swift */ = {isa = PBXFileReference; lastKnownFileType = sourcecode.swift; path = Header.swift; sourceTree = "<group>"; };
		BBFD8F542BED5D56004FC5E8 /* Restaurants.swift */ = {isa = PBXFileReference; lastKnownFileType = sourcecode.swift; path = Restaurants.swift; sourceTree = "<group>"; };
		BBFD8F562BED6715004FC5E8 /* MainViewModel.swift */ = {isa = PBXFileReference; lastKnownFileType = sourcecode.swift; path = MainViewModel.swift; sourceTree = "<group>"; };
/* End PBXFileReference section */

/* Begin PBXFrameworksBuildPhase section */
		BB7837542BEAC37400B8FE3E /* Frameworks */ = {
			isa = PBXFrameworksBuildPhase;
			buildActionMask = 2147483647;
			files = (
			);
			runOnlyForDeploymentPostprocessing = 0;
		};
/* End PBXFrameworksBuildPhase section */

/* Begin PBXGroup section */
		BB1F3BB62BED235400D84EA3 /* Network */ = {
			isa = PBXGroup;
			children = (
				BB1F3BCA2BED49FD00D84EA3 /* ResponseModels */,
				BB1F3BBD2BED427600D84EA3 /* Services */,
				BB1F3BBC2BED426B00D84EA3 /* Endpoints */,
				BB1F3BBB2BED426300D84EA3 /* Base */,
			);
			path = Network;
			sourceTree = "<group>";
		};
		BB1F3BBB2BED426300D84EA3 /* Base */ = {
			isa = PBXGroup;
			children = (
				BB1F3BC12BED42BB00D84EA3 /* Endpoint.swift */,
				BB1F3BC32BED42D000D84EA3 /* HTTPClient.swift */,
				BB1F3BC62BED42E700D84EA3 /* HTTPMethod.swift */,
				BB1F3BC82BED42F500D84EA3 /* RequestError.swift */,
			);
			path = Base;
			sourceTree = "<group>";
		};
		BB1F3BBC2BED426B00D84EA3 /* Endpoints */ = {
			isa = PBXGroup;
			children = (
				BB1F3BB92BED250B00D84EA3 /* Endpoints.swift */,
			);
			path = Endpoints;
			sourceTree = "<group>";
		};
		BB1F3BBD2BED427600D84EA3 /* Services */ = {
			isa = PBXGroup;
			children = (
				BB1F3BBF2BED429F00D84EA3 /* NetworkService.swift */,
			);
			path = Services;
			sourceTree = "<group>";
		};
		BB1F3BCA2BED49FD00D84EA3 /* ResponseModels */ = {
			isa = PBXGroup;
			children = (
				BB1F3BCB2BED4A2100D84EA3 /* FilterResponse.swift */,
				BB1F3BCD2BED4A3900D84EA3 /* RestaurantsResponse.swift */,
				BB1F3BCF2BED4A4700D84EA3 /* OpenStatusResponse.swift */,
			);
			path = ResponseModels;
			sourceTree = "<group>";
		};
		BB78374E2BEAC37400B8FE3E = {
			isa = PBXGroup;
			children = (
				BB7837592BEAC37400B8FE3E /* CodeTest */,
				BB7837582BEAC37400B8FE3E /* Products */,
			);
			sourceTree = "<group>";
		};
		BB7837582BEAC37400B8FE3E /* Products */ = {
			isa = PBXGroup;
			children = (
				BB7837572BEAC37400B8FE3E /* CodeTest.app */,
			);
			name = Products;
			sourceTree = "<group>";
		};
		BB7837592BEAC37400B8FE3E /* CodeTest */ = {
			isa = PBXGroup;
			children = (
				BB1F3BB62BED235400D84EA3 /* Network */,
				BB7837752BEAD3C400B8FE3E /* App */,
				BB7837602BEAC37500B8FE3E /* CodeTest.entitlements */,
				BB7837712BEAD06200B8FE3E /* Info.plist */,
				BB7837612BEAC37500B8FE3E /* Preview Content */,
			);
			path = CodeTest;
			sourceTree = "<group>";
		};
		BB7837612BEAC37500B8FE3E /* Preview Content */ = {
			isa = PBXGroup;
			children = (
				BB7837622BEAC37500B8FE3E /* Preview Assets.xcassets */,
			);
			path = "Preview Content";
			sourceTree = "<group>";
		};
		BB7837692BEAC65C00B8FE3E /* Extensions */ = {
			isa = PBXGroup;
			children = (
				BBA49D742BEAE0F9004B3F09 /* View+Extensions.swift */,
			);
			path = Extensions;
			sourceTree = "<group>";
		};
		BB78376C2BEAC99800B8FE3E /* Fonts */ = {
			isa = PBXGroup;
			children = (
				BB78376A2BEAC67A00B8FE3E /* CustomFont.swift */,
				BB78376E2BEAC9B400B8FE3E /* Inter-Medium.ttf */,
				BB78376D2BEAC9B400B8FE3E /* Poppins-Medium.ttf */,
			);
			path = Fonts;
			sourceTree = "<group>";
		};
		BB7837722BEAD37500B8FE3E /* Colors */ = {
			isa = PBXGroup;
			children = (
				BB7837732BEAD39900B8FE3E /* Colors.xcassets */,
			);
			path = Colors;
			sourceTree = "<group>";
		};
		BB7837752BEAD3C400B8FE3E /* App */ = {
			isa = PBXGroup;
			children = (
				BBC4494C2BECE0B50084925C /* Models */,
				BBA49D762BEAE193004B3F09 /* Components */,
				BB78375A2BEAC37400B8FE3E /* CodeTestApp.swift */,
				BB0214A42BED130D00A6263E /* DetailView.swift */,
				BB78375C2BEAC37400B8FE3E /* MainView.swift */,
				BBFD8F562BED6715004FC5E8 /* MainViewModel.swift */,
				BB78375E2BEAC37500B8FE3E /* Assets.xcassets */,
				BB7837722BEAD37500B8FE3E /* Colors */,
				BB7837692BEAC65C00B8FE3E /* Extensions */,
				BB78376C2BEAC99800B8FE3E /* Fonts */,
			);
			path = App;
			sourceTree = "<group>";
		};
		BBA49D762BEAE193004B3F09 /* Components */ = {
			isa = PBXGroup;
			children = (
				BBA49D772BEAE1AB004B3F09 /* RestaurantCard.swift */,
				BBC4494A2BECDB5C0084925C /* DetailCard.swift */,
				BBC449532BECED160084925C /* FilterBadgeView.swift */,
				BBC449572BECFAC30084925C /* Header.swift */,
			);
			path = Components;
			sourceTree = "<group>";
		};
		BBC4494C2BECE0B50084925C /* Models */ = {
			isa = PBXGroup;
			children = (
				BBC449552BECEE230084925C /* FilterBadge.swift */,
				BBFD8F542BED5D56004FC5E8 /* Restaurants.swift */,
			);
			path = Models;
			sourceTree = "<group>";
		};
/* End PBXGroup section */

/* Begin PBXNativeTarget section */
		BB7837562BEAC37400B8FE3E /* CodeTest */ = {
			isa = PBXNativeTarget;
			buildConfigurationList = BB7837662BEAC37500B8FE3E /* Build configuration list for PBXNativeTarget "CodeTest" */;
			buildPhases = (
				BB7837532BEAC37400B8FE3E /* Sources */,
				BB7837542BEAC37400B8FE3E /* Frameworks */,
				BB7837552BEAC37400B8FE3E /* Resources */,
			);
			buildRules = (
			);
			dependencies = (
			);
			name = CodeTest;
			productName = CodeTest;
			productReference = BB7837572BEAC37400B8FE3E /* CodeTest.app */;
			productType = "com.apple.product-type.application";
		};
/* End PBXNativeTarget section */

/* Begin PBXProject section */
		BB78374F2BEAC37400B8FE3E /* Project object */ = {
			isa = PBXProject;
			attributes = {
				BuildIndependentTargetsInParallel = 1;
				LastSwiftUpdateCheck = 1530;
				LastUpgradeCheck = 1530;
				TargetAttributes = {
					BB7837562BEAC37400B8FE3E = {
						CreatedOnToolsVersion = 15.3;
					};
				};
			};
			buildConfigurationList = BB7837522BEAC37400B8FE3E /* Build configuration list for PBXProject "CodeTest" */;
			compatibilityVersion = "Xcode 14.0";
			developmentRegion = en;
			hasScannedForEncodings = 0;
			knownRegions = (
				en,
				Base,
			);
			mainGroup = BB78374E2BEAC37400B8FE3E;
			productRefGroup = BB7837582BEAC37400B8FE3E /* Products */;
			projectDirPath = "";
			projectRoot = "";
			targets = (
				BB7837562BEAC37400B8FE3E /* CodeTest */,
			);
		};
/* End PBXProject section */

/* Begin PBXResourcesBuildPhase section */
		BB7837552BEAC37400B8FE3E /* Resources */ = {
			isa = PBXResourcesBuildPhase;
			buildActionMask = 2147483647;
			files = (
				BB7837742BEAD39900B8FE3E /* Colors.xcassets in Resources */,
				BB7837702BEAC9B400B8FE3E /* Inter-Medium.ttf in Resources */,
				BB78376F2BEAC9B400B8FE3E /* Poppins-Medium.ttf in Resources */,
				BB7837632BEAC37500B8FE3E /* Preview Assets.xcassets in Resources */,
				BB78375F2BEAC37500B8FE3E /* Assets.xcassets in Resources */,
			);
			runOnlyForDeploymentPostprocessing = 0;
		};
/* End PBXResourcesBuildPhase section */

/* Begin PBXSourcesBuildPhase section */
		BB7837532BEAC37400B8FE3E /* Sources */ = {
			isa = PBXSourcesBuildPhase;
			buildActionMask = 2147483647;
			files = (
				BB1F3BC72BED42E700D84EA3 /* HTTPMethod.swift in Sources */,
				BB0214A52BED130D00A6263E /* DetailView.swift in Sources */,
				BBC4494B2BECDB5C0084925C /* DetailCard.swift in Sources */,
				BB78376B2BEAC67A00B8FE3E /* CustomFont.swift in Sources */,
				BB1F3BCC2BED4A2100D84EA3 /* FilterResponse.swift in Sources */,
				BBFD8F552BED5D56004FC5E8 /* Restaurants.swift in Sources */,
				BBC449562BECEE230084925C /* FilterBadge.swift in Sources */,
				BB1F3BBA2BED250B00D84EA3 /* Endpoints.swift in Sources */,
				BB78375D2BEAC37400B8FE3E /* MainView.swift in Sources */,
				BBC449582BECFAC30084925C /* Header.swift in Sources */,
				BBA49D752BEAE0F9004B3F09 /* View+Extensions.swift in Sources */,
				BB1F3BCE2BED4A3900D84EA3 /* RestaurantsResponse.swift in Sources */,
				BB78375B2BEAC37400B8FE3E /* CodeTestApp.swift in Sources */,
				BB1F3BD02BED4A4700D84EA3 /* OpenStatusResponse.swift in Sources */,
				BB1F3BC02BED429F00D84EA3 /* NetworkService.swift in Sources */,
				BB1F3BC42BED42D000D84EA3 /* HTTPClient.swift in Sources */,
				BB1F3BC92BED42F500D84EA3 /* RequestError.swift in Sources */,
				BBC449542BECED160084925C /* FilterBadgeView.swift in Sources */,
				BB1F3BC22BED42BB00D84EA3 /* Endpoint.swift in Sources */,
				BBFD8F572BED6715004FC5E8 /* MainViewModel.swift in Sources */,
				BBA49D782BEAE1AB004B3F09 /* RestaurantCard.swift in Sources */,
			);
			runOnlyForDeploymentPostprocessing = 0;
		};
/* End PBXSourcesBuildPhase section */

/* Begin XCBuildConfiguration section */
		BB7837642BEAC37500B8FE3E /* Debug */ = {
			isa = XCBuildConfiguration;
			buildSettings = {
				ALWAYS_SEARCH_USER_PATHS = NO;
				ASSETCATALOG_COMPILER_GENERATE_SWIFT_ASSET_SYMBOL_EXTENSIONS = YES;
				CLANG_ANALYZER_NONNULL = YES;
				CLANG_ANALYZER_NUMBER_OBJECT_CONVERSION = YES_AGGRESSIVE;
				CLANG_CXX_LANGUAGE_STANDARD = "gnu++20";
				CLANG_ENABLE_MODULES = YES;
				CLANG_ENABLE_OBJC_ARC = YES;
				CLANG_ENABLE_OBJC_WEAK = YES;
				CLANG_WARN_BLOCK_CAPTURE_AUTORELEASING = YES;
				CLANG_WARN_BOOL_CONVERSION = YES;
				CLANG_WARN_COMMA = YES;
				CLANG_WARN_CONSTANT_CONVERSION = YES;
				CLANG_WARN_DEPRECATED_OBJC_IMPLEMENTATIONS = YES;
				CLANG_WARN_DIRECT_OBJC_ISA_USAGE = YES_ERROR;
				CLANG_WARN_DOCUMENTATION_COMMENTS = YES;
				CLANG_WARN_EMPTY_BODY = YES;
				CLANG_WARN_ENUM_CONVERSION = YES;
				CLANG_WARN_INFINITE_RECURSION = YES;
				CLANG_WARN_INT_CONVERSION = YES;
				CLANG_WARN_NON_LITERAL_NULL_CONVERSION = YES;
				CLANG_WARN_OBJC_IMPLICIT_RETAIN_SELF = YES;
				CLANG_WARN_OBJC_LITERAL_CONVERSION = YES;
				CLANG_WARN_OBJC_ROOT_CLASS = YES_ERROR;
				CLANG_WARN_QUOTED_INCLUDE_IN_FRAMEWORK_HEADER = YES;
				CLANG_WARN_RANGE_LOOP_ANALYSIS = YES;
				CLANG_WARN_STRICT_PROTOTYPES = YES;
				CLANG_WARN_SUSPICIOUS_MOVE = YES;
				CLANG_WARN_UNGUARDED_AVAILABILITY = YES_AGGRESSIVE;
				CLANG_WARN_UNREACHABLE_CODE = YES;
				CLANG_WARN__DUPLICATE_METHOD_MATCH = YES;
				COPY_PHASE_STRIP = NO;
				DEBUG_INFORMATION_FORMAT = dwarf;
				ENABLE_STRICT_OBJC_MSGSEND = YES;
				ENABLE_TESTABILITY = YES;
				ENABLE_USER_SCRIPT_SANDBOXING = YES;
				GCC_C_LANGUAGE_STANDARD = gnu17;
				GCC_DYNAMIC_NO_PIC = NO;
				GCC_NO_COMMON_BLOCKS = YES;
				GCC_OPTIMIZATION_LEVEL = 0;
				GCC_PREPROCESSOR_DEFINITIONS = (
					"DEBUG=1",
					"$(inherited)",
				);
				GCC_WARN_64_TO_32_BIT_CONVERSION = YES;
				GCC_WARN_ABOUT_RETURN_TYPE = YES_ERROR;
				GCC_WARN_UNDECLARED_SELECTOR = YES;
				GCC_WARN_UNINITIALIZED_AUTOS = YES_AGGRESSIVE;
				GCC_WARN_UNUSED_FUNCTION = YES;
				GCC_WARN_UNUSED_VARIABLE = YES;
				LOCALIZATION_PREFERS_STRING_CATALOGS = YES;
				MTL_ENABLE_DEBUG_INFO = INCLUDE_SOURCE;
				MTL_FAST_MATH = YES;
				ONLY_ACTIVE_ARCH = YES;
				SWIFT_ACTIVE_COMPILATION_CONDITIONS = "DEBUG $(inherited)";
				SWIFT_OPTIMIZATION_LEVEL = "-Onone";
			};
			name = Debug;
		};
		BB7837652BEAC37500B8FE3E /* Release */ = {
			isa = XCBuildConfiguration;
			buildSettings = {
				ALWAYS_SEARCH_USER_PATHS = NO;
				ASSETCATALOG_COMPILER_GENERATE_SWIFT_ASSET_SYMBOL_EXTENSIONS = YES;
				CLANG_ANALYZER_NONNULL = YES;
				CLANG_ANALYZER_NUMBER_OBJECT_CONVERSION = YES_AGGRESSIVE;
				CLANG_CXX_LANGUAGE_STANDARD = "gnu++20";
				CLANG_ENABLE_MODULES = YES;
				CLANG_ENABLE_OBJC_ARC = YES;
				CLANG_ENABLE_OBJC_WEAK = YES;
				CLANG_WARN_BLOCK_CAPTURE_AUTORELEASING = YES;
				CLANG_WARN_BOOL_CONVERSION = YES;
				CLANG_WARN_COMMA = YES;
				CLANG_WARN_CONSTANT_CONVERSION = YES;
				CLANG_WARN_DEPRECATED_OBJC_IMPLEMENTATIONS = YES;
				CLANG_WARN_DIRECT_OBJC_ISA_USAGE = YES_ERROR;
				CLANG_WARN_DOCUMENTATION_COMMENTS = YES;
				CLANG_WARN_EMPTY_BODY = YES;
				CLANG_WARN_ENUM_CONVERSION = YES;
				CLANG_WARN_INFINITE_RECURSION = YES;
				CLANG_WARN_INT_CONVERSION = YES;
				CLANG_WARN_NON_LITERAL_NULL_CONVERSION = YES;
				CLANG_WARN_OBJC_IMPLICIT_RETAIN_SELF = YES;
				CLANG_WARN_OBJC_LITERAL_CONVERSION = YES;
				CLANG_WARN_OBJC_ROOT_CLASS = YES_ERROR;
				CLANG_WARN_QUOTED_INCLUDE_IN_FRAMEWORK_HEADER = YES;
				CLANG_WARN_RANGE_LOOP_ANALYSIS = YES;
				CLANG_WARN_STRICT_PROTOTYPES = YES;
				CLANG_WARN_SUSPICIOUS_MOVE = YES;
				CLANG_WARN_UNGUARDED_AVAILABILITY = YES_AGGRESSIVE;
				CLANG_WARN_UNREACHABLE_CODE = YES;
				CLANG_WARN__DUPLICATE_METHOD_MATCH = YES;
				COPY_PHASE_STRIP = NO;
				DEBUG_INFORMATION_FORMAT = "dwarf-with-dsym";
				ENABLE_NS_ASSERTIONS = NO;
				ENABLE_STRICT_OBJC_MSGSEND = YES;
				ENABLE_USER_SCRIPT_SANDBOXING = YES;
				GCC_C_LANGUAGE_STANDARD = gnu17;
				GCC_NO_COMMON_BLOCKS = YES;
				GCC_WARN_64_TO_32_BIT_CONVERSION = YES;
				GCC_WARN_ABOUT_RETURN_TYPE = YES_ERROR;
				GCC_WARN_UNDECLARED_SELECTOR = YES;
				GCC_WARN_UNINITIALIZED_AUTOS = YES_AGGRESSIVE;
				GCC_WARN_UNUSED_FUNCTION = YES;
				GCC_WARN_UNUSED_VARIABLE = YES;
				LOCALIZATION_PREFERS_STRING_CATALOGS = YES;
				MTL_ENABLE_DEBUG_INFO = NO;
				MTL_FAST_MATH = YES;
				SWIFT_COMPILATION_MODE = wholemodule;
			};
			name = Release;
		};
		BB7837672BEAC37500B8FE3E /* Debug */ = {
			isa = XCBuildConfiguration;
			buildSettings = {
				ASSETCATALOG_COMPILER_APPICON_NAME = AppIcon;
				ASSETCATALOG_COMPILER_GLOBAL_ACCENT_COLOR_NAME = AccentColor;
				CODE_SIGN_ENTITLEMENTS = CodeTest/CodeTest.entitlements;
				CODE_SIGN_STYLE = Automatic;
				CURRENT_PROJECT_VERSION = 1;
				DEVELOPMENT_ASSET_PATHS = "\"CodeTest/Preview Content\"";
				ENABLE_PREVIEWS = YES;
				GENERATE_INFOPLIST_FILE = YES;
				INFOPLIST_FILE = CodeTest/Info.plist;
				"INFOPLIST_KEY_UIApplicationSceneManifest_Generation[sdk=iphoneos*]" = YES;
				"INFOPLIST_KEY_UIApplicationSceneManifest_Generation[sdk=iphonesimulator*]" = YES;
				"INFOPLIST_KEY_UIApplicationSupportsIndirectInputEvents[sdk=iphoneos*]" = YES;
				"INFOPLIST_KEY_UIApplicationSupportsIndirectInputEvents[sdk=iphonesimulator*]" = YES;
				"INFOPLIST_KEY_UILaunchScreen_Generation[sdk=iphoneos*]" = YES;
				"INFOPLIST_KEY_UILaunchScreen_Generation[sdk=iphonesimulator*]" = YES;
				"INFOPLIST_KEY_UIStatusBarStyle[sdk=iphoneos*]" = UIStatusBarStyleDefault;
				"INFOPLIST_KEY_UIStatusBarStyle[sdk=iphonesimulator*]" = UIStatusBarStyleDefault;
				INFOPLIST_KEY_UISupportedInterfaceOrientations_iPad = "UIInterfaceOrientationPortrait UIInterfaceOrientationPortraitUpsideDown UIInterfaceOrientationLandscapeLeft UIInterfaceOrientationLandscapeRight";
				INFOPLIST_KEY_UISupportedInterfaceOrientations_iPhone = "UIInterfaceOrientationPortrait UIInterfaceOrientationLandscapeLeft UIInterfaceOrientationLandscapeRight";
				IPHONEOS_DEPLOYMENT_TARGET = 17.4;
				LD_RUNPATH_SEARCH_PATHS = "@executable_path/Frameworks";
				"LD_RUNPATH_SEARCH_PATHS[sdk=macosx*]" = "@executable_path/../Frameworks";
				MACOSX_DEPLOYMENT_TARGET = 14.4;
				MARKETING_VERSION = 1.0;
				PRODUCT_BUNDLE_IDENTIFIER = com.andy27ds.CodeTest;
				PRODUCT_NAME = "$(TARGET_NAME)";
				SDKROOT = auto;
				SUPPORTED_PLATFORMS = "iphoneos iphonesimulator macosx";
				SWIFT_EMIT_LOC_STRINGS = YES;
				SWIFT_VERSION = 5.0;
				TARGETED_DEVICE_FAMILY = "1,2";
			};
			name = Debug;
		};
		BB7837682BEAC37500B8FE3E /* Release */ = {
			isa = XCBuildConfiguration;
			buildSettings = {
				ASSETCATALOG_COMPILER_APPICON_NAME = AppIcon;
				ASSETCATALOG_COMPILER_GLOBAL_ACCENT_COLOR_NAME = AccentColor;
				CODE_SIGN_ENTITLEMENTS = CodeTest/CodeTest.entitlements;
				CODE_SIGN_STYLE = Automatic;
				CURRENT_PROJECT_VERSION = 1;
				DEVELOPMENT_ASSET_PATHS = "\"CodeTest/Preview Content\"";
				ENABLE_PREVIEWS = YES;
				GENERATE_INFOPLIST_FILE = YES;
				INFOPLIST_FILE = CodeTest/Info.plist;
				"INFOPLIST_KEY_UIApplicationSceneManifest_Generation[sdk=iphoneos*]" = YES;
				"INFOPLIST_KEY_UIApplicationSceneManifest_Generation[sdk=iphonesimulator*]" = YES;
				"INFOPLIST_KEY_UIApplicationSupportsIndirectInputEvents[sdk=iphoneos*]" = YES;
				"INFOPLIST_KEY_UIApplicationSupportsIndirectInputEvents[sdk=iphonesimulator*]" = YES;
				"INFOPLIST_KEY_UILaunchScreen_Generation[sdk=iphoneos*]" = YES;
				"INFOPLIST_KEY_UILaunchScreen_Generation[sdk=iphonesimulator*]" = YES;
				"INFOPLIST_KEY_UIStatusBarStyle[sdk=iphoneos*]" = UIStatusBarStyleDefault;
				"INFOPLIST_KEY_UIStatusBarStyle[sdk=iphonesimulator*]" = UIStatusBarStyleDefault;
				INFOPLIST_KEY_UISupportedInterfaceOrientations_iPad = "UIInterfaceOrientationPortrait UIInterfaceOrientationPortraitUpsideDown UIInterfaceOrientationLandscapeLeft UIInterfaceOrientationLandscapeRight";
				INFOPLIST_KEY_UISupportedInterfaceOrientations_iPhone = "UIInterfaceOrientationPortrait UIInterfaceOrientationLandscapeLeft UIInterfaceOrientationLandscapeRight";
				IPHONEOS_DEPLOYMENT_TARGET = 17.4;
				LD_RUNPATH_SEARCH_PATHS = "@executable_path/Frameworks";
				"LD_RUNPATH_SEARCH_PATHS[sdk=macosx*]" = "@executable_path/../Frameworks";
				MACOSX_DEPLOYMENT_TARGET = 14.4;
				MARKETING_VERSION = 1.0;
				PRODUCT_BUNDLE_IDENTIFIER = com.andy27ds.CodeTest;
				PRODUCT_NAME = "$(TARGET_NAME)";
				SDKROOT = auto;
				SUPPORTED_PLATFORMS = "iphoneos iphonesimulator macosx";
				SWIFT_EMIT_LOC_STRINGS = YES;
				SWIFT_VERSION = 5.0;
				TARGETED_DEVICE_FAMILY = "1,2";
			};
			name = Release;
		};
/* End XCBuildConfiguration section */

/* Begin XCConfigurationList section */
		BB7837522BEAC37400B8FE3E /* Build configuration list for PBXProject "CodeTest" */ = {
			isa = XCConfigurationList;
			buildConfigurations = (
				BB7837642BEAC37500B8FE3E /* Debug */,
				BB7837652BEAC37500B8FE3E /* Release */,
			);
			defaultConfigurationIsVisible = 0;
			defaultConfigurationName = Release;
		};
		BB7837662BEAC37500B8FE3E /* Build configuration list for PBXNativeTarget "CodeTest" */ = {
			isa = XCConfigurationList;
			buildConfigurations = (
				BB7837672BEAC37500B8FE3E /* Debug */,
				BB7837682BEAC37500B8FE3E /* Release */,
			);
			defaultConfigurationIsVisible = 0;
			defaultConfigurationName = Release;
		};
/* End XCConfigurationList section */
	};
	rootObject = BB78374F2BEAC37400B8FE3E /* Project object */;
}
